<?xml version="1.0" encoding="utf-8"?>
<Project ToolsVersion="4.0" xmlns="http://schemas.microsoft.com/developer/msbuild/2003">
  <ItemGroup>
    <Filter Include="源文件">
      <UniqueIdentifier>{4FC737F1-C7A5-4376-A066-2A32D752A2FF}</UniqueIdentifier>
      <Extensions>cpp;c;cc;cxx;c++;cppm;ixx;def;odl;idl;hpj;bat;asm;asmx</Extensions>
    </Filter>
    <Filter Include="头文件">
      <UniqueIdentifier>{93995380-89BD-4b04-88EB-625FBE52EBFB}</UniqueIdentifier>
      <Extensions>h;hh;hpp;hxx;h++;hm;inl;inc;ipp;xsd</Extensions>
    </Filter>
    <Filter Include="资源文件">
      <UniqueIdentifier>{67DA6AB6-F800-4c08-8B7A-83BB121AAD01}</UniqueIdentifier>
      <Extensions>rc;ico;cur;bmp;dlg;rc2;rct;bin;rgs;gif;jpg;jpeg;jpe;resx;tiff;tif;png;wav;mfcribbon-ms</Extensions>
    </Filter>
    <Filter Include="net">
      <UniqueIdentifier>{ed5ce51b-0b0b-460e-b455-57fb723d9b25}</UniqueIdentifier>
    </Filter>
    <Filter Include="mediator">
      <UniqueIdentifier>{b8837314-fb06-442f-acf5-20da23f7b487}</UniqueIdentifier>
    </Filter>
    <Filter Include="MySQL">
      <UniqueIdentifier>{4a2495f3-078b-4824-a74f-b343acfda8a3}</UniqueIdentifier>
    </Filter>
  </ItemGroup>
  <ItemGroup>
    <ClCompile Include="IMserver.cpp">
      <Filter>源文件</Filter>
    </ClCompile>
    <ClCompile Include="net\TCPClient.cpp">
      <Filter>net</Filter>
    </ClCompile>
    <ClCompile Include="net\TCPServer.cpp">
      <Filter>net</Filter>
    </ClCompile>
    <ClCompile Include="net\UDP.cpp">
      <Filter>net</Filter>
    </ClCompile>
    <ClCompile Include="mediator\TCPClientmediator.cpp">
      <Filter>mediator</Filter>
    </ClCompile>
    <ClCompile Include="mediator\TCPServermediator.cpp">
      <Filter>mediator</Filter>
    </ClCompile>
    <ClCompile Include="mediator\UDPmediator.cpp">
      <Filter>mediator</Filter>
    </ClCompile>
    <ClCompile Include="Kernel.cpp">
      <Filter>源文件</Filter>
    </ClCompile>
    <ClCompile Include="MySQL\CMySql.cpp">
      <Filter>MySQL</Filter>
    </ClCompile>
  </ItemGroup>
  <ItemGroup>
    <ClInclude Include="net\INet.h">
      <Filter>net</Filter>
    </ClInclude>
    <ClInclude Include="net\TCPClient.h">
      <Filter>net</Filter>
    </ClInclude>
    <ClInclude Include="net\TCPServer.h">
      <Filter>net</Filter>
    </ClInclude>
    <ClInclude Include="net\UDP.h">
      <Filter>net</Filter>
    </ClInclude>
    <ClInclude Include="mediator\INetmediator.h">
      <Filter>mediator</Filter>
    </ClInclude>
    <ClInclude Include="mediator\TCPClientmediator.h">
      <Filter>mediator</Filter>
    </ClInclude>
    <ClInclude Include="mediator\TCPServermediator.h">
      <Filter>mediator</Filter>
    </ClInclude>
    <ClInclude Include="mediator\UDPmediator.h">
      <Filter>mediator</Filter>
    </ClInclude>
    <ClInclude Include="net\def.h">
      <Filter>net</Filter>
    </ClInclude>
    <ClInclude Include="Kernel.h">
      <Filter>头文件</Filter>
    </ClInclude>
    <ClInclude Include="MySQL\CMySql.h">
      <Filter>MySQL</Filter>
    </ClInclude>
  </ItemGroup>
</Project>